
Microsoft Visual Studio Solution File, Format Version 11.00
# Visual C# Express 2010
Project("{FAE04EC0-301F-11D3-BF4B-00C04F79EFBC}") = "GWNorthEngine", "GWNorthEngine.csproj", "{D9AF68DE-E9E9-4E33-8FC4-684013F172BB}"
EndProject
Global
	GlobalSection(SolutionConfigurationPlatforms) = preSolution
		Debug|Any CPU = Debug|Any CPU
		Debug|x86 = Debug|x86
		Release|Any CPU = Release|Any CPU
		Release|x86 = Release|x86
	EndGlobalSection
	GlobalSection(ProjectConfigurationPlatforms) = postSolution
		{D9AF68DE-E9E9-4E33-8FC4-684013F172BB}.Debug|Any CPU.ActiveCfg = Debug|x86
		{D9AF68DE-E9E9-4E33-8FC4-684013F172BB}.Debug|x86.ActiveCfg = Debug|x86
		{D9AF68DE-E9E9-4E33-8FC4-684013F172BB}.Debug|x86.Build.0 = Debug|x86
		{D9AF68DE-E9E9-4E33-8FC4-684013F172BB}.Release|Any CPU.ActiveCfg = Release|x86
		{D9AF68DE-E9E9-4E33-8FC4-684013F172BB}.Release|x86.ActiveCfg = Release|x86
		{D9AF68DE-E9E9-4E33-8FC4-684013F172BB}.Release|x86.Build.0 = Release|x86
	EndGlobalSection
	GlobalSection(SolutionProperties) = preSolution
		HideSolutionNode = FALSE
	EndGlobalSection
EndGlobal
